// !$*UTF8*$!
{
	archiveVersion = 1;
	classes = {
	};
	objectVersion = 50;
	objects = {

/* Begin PBXBuildFile section */
		2B04AC3225F158DB008C8ECF /* Cardify.swift in Sources */ = {isa = PBXBuildFile; fileRef = 2B04AC3125F158DB008C8ECF /* Cardify.swift */; };
		2B47C02325A23DEA005469A9 /* MemoryGameModel.swift in Sources */ = {isa = PBXBuildFile; fileRef = 2B47C02225A23DEA005469A9 /* MemoryGameModel.swift */; };
		2B47C02625A242F7005469A9 /* EmojiMemoryGameViewModel.swift in Sources */ = {isa = PBXBuildFile; fileRef = 2B47C02525A242F7005469A9 /* EmojiMemoryGameViewModel.swift */; };
		2B8180EA25EC184500F99390 /* Pie.swift in Sources */ = {isa = PBXBuildFile; fileRef = 2B8180E925EC184500F99390 /* Pie.swift */; };
		2B8CE3DA2569A22500C0C898 /* MemorizeApp.swift in Sources */ = {isa = PBXBuildFile; fileRef = 2B8CE3D92569A22500C0C898 /* MemorizeApp.swift */; };
		2B8CE3DC2569A22500C0C898 /* EmojiMemoryGameView.swift in Sources */ = {isa = PBXBuildFile; fileRef = 2B8CE3DB2569A22500C0C898 /* EmojiMemoryGameView.swift */; };
		2B8CE3DE2569A22700C0C898 /* Assets.xcassets in Resources */ = {isa = PBXBuildFile; fileRef = 2B8CE3DD2569A22700C0C898 /* Assets.xcassets */; };
		2B8CE3E12569A22700C0C898 /* Preview Assets.xcassets in Resources */ = {isa = PBXBuildFile; fileRef = 2B8CE3E02569A22700C0C898 /* Preview Assets.xcassets */; };
		2BBEEFD325BC8B5F00C2EED2 /* Grid.swift in Sources */ = {isa = PBXBuildFile; fileRef = 2BBEEFD225BC8B5F00C2EED2 /* Grid.swift */; };
		2BBEEFD725BC95B400C2EED2 /* GridLayout.swift in Sources */ = {isa = PBXBuildFile; fileRef = 2BBEEFD625BC95B400C2EED2 /* GridLayout.swift */; };
		2BBEEFDA25BC992100C2EED2 /* Array+extention.swift in Sources */ = {isa = PBXBuildFile; fileRef = 2BBEEFD925BC992100C2EED2 /* Array+extention.swift */; };
		2BE6F4A025C597570074BCF3 /* GameThemesStringFabric.swift in Sources */ = {isa = PBXBuildFile; fileRef = 2BE6F49F25C597570074BCF3 /* GameThemesStringFabric.swift */; };
		2BE6F4A325C597D20074BCF3 /* GameScore.swift in Sources */ = {isa = PBXBuildFile; fileRef = 2BE6F4A225C597D20074BCF3 /* GameScore.swift */; };
/* End PBXBuildFile section */

/* Begin PBXFileReference section */
		2B04AC3125F158DB008C8ECF /* Cardify.swift */ = {isa = PBXFileReference; lastKnownFileType = sourcecode.swift; path = Cardify.swift; sourceTree = "<group>"; };
		2B47C02225A23DEA005469A9 /* MemoryGameModel.swift */ = {isa = PBXFileReference; lastKnownFileType = sourcecode.swift; path = MemoryGameModel.swift; sourceTree = "<group>"; };
		2B47C02525A242F7005469A9 /* EmojiMemoryGameViewModel.swift */ = {isa = PBXFileReference; lastKnownFileType = sourcecode.swift; path = EmojiMemoryGameViewModel.swift; sourceTree = "<group>"; };
		2B8180E925EC184500F99390 /* Pie.swift */ = {isa = PBXFileReference; lastKnownFileType = sourcecode.swift; path = Pie.swift; sourceTree = "<group>"; };
		2B8CE3D62569A22500C0C898 /* Memorize.app */ = {isa = PBXFileReference; explicitFileType = wrapper.application; includeInIndex = 0; path = Memorize.app; sourceTree = BUILT_PRODUCTS_DIR; };
		2B8CE3D92569A22500C0C898 /* MemorizeApp.swift */ = {isa = PBXFileReference; lastKnownFileType = sourcecode.swift; path = MemorizeApp.swift; sourceTree = "<group>"; };
		2B8CE3DB2569A22500C0C898 /* EmojiMemoryGameView.swift */ = {isa = PBXFileReference; lastKnownFileType = sourcecode.swift; path = EmojiMemoryGameView.swift; sourceTree = "<group>"; };
		2B8CE3DD2569A22700C0C898 /* Assets.xcassets */ = {isa = PBXFileReference; lastKnownFileType = folder.assetcatalog; path = Assets.xcassets; sourceTree = "<group>"; };
		2B8CE3E02569A22700C0C898 /* Preview Assets.xcassets */ = {isa = PBXFileReference; lastKnownFileType = folder.assetcatalog; path = "Preview Assets.xcassets"; sourceTree = "<group>"; };
		2B8CE3E22569A22700C0C898 /* Info.plist */ = {isa = PBXFileReference; lastKnownFileType = text.plist.xml; path = Info.plist; sourceTree = "<group>"; };
		2BBEEFD225BC8B5F00C2EED2 /* Grid.swift */ = {isa = PBXFileReference; lastKnownFileType = sourcecode.swift; path = Grid.swift; sourceTree = "<group>"; };
		2BBEEFD625BC95B400C2EED2 /* GridLayout.swift */ = {isa = PBXFileReference; lastKnownFileType = sourcecode.swift; path = GridLayout.swift; sourceTree = "<group>"; };
		2BBEEFD925BC992100C2EED2 /* Array+extention.swift */ = {isa = PBXFileReference; lastKnownFileType = sourcecode.swift; path = "Array+extention.swift"; sourceTree = "<group>"; };
		2BE6F49F25C597570074BCF3 /* GameThemesStringFabric.swift */ = {isa = PBXFileReference; lastKnownFileType = sourcecode.swift; path = GameThemesStringFabric.swift; sourceTree = "<group>"; };
		2BE6F4A225C597D20074BCF3 /* GameScore.swift */ = {isa = PBXFileReference; lastKnownFileType = sourcecode.swift; path = GameScore.swift; sourceTree = "<group>"; };
/* End PBXFileReference section */

/* Begin PBXFrameworksBuildPhase section */
		2B8CE3D32569A22500C0C898 /* Frameworks */ = {
			isa = PBXFrameworksBuildPhase;
			buildActionMask = 2147483647;
			files = (
			);
			runOnlyForDeploymentPostprocessing = 0;
		};
/* End PBXFrameworksBuildPhase section */

/* Begin PBXGroup section */
		2B8CE3CD2569A22500C0C898 = {
			isa = PBXGroup;
			children = (
				2B8CE3D82569A22500C0C898 /* Memorize */,
				2B8CE3D72569A22500C0C898 /* Products */,
			);
			sourceTree = "<group>";
		};
		2B8CE3D72569A22500C0C898 /* Products */ = {
			isa = PBXGroup;
			children = (
				2B8CE3D62569A22500C0C898 /* Memorize.app */,
			);
			name = Products;
			sourceTree = "<group>";
		};
		2B8CE3D82569A22500C0C898 /* Memorize */ = {
			isa = PBXGroup;
			children = (
				2B8CE3D92569A22500C0C898 /* MemorizeApp.swift */,
				2B8CE3DB2569A22500C0C898 /* EmojiMemoryGameView.swift */,
				2B47C02525A242F7005469A9 /* EmojiMemoryGameViewModel.swift */,
				2B04AC3125F158DB008C8ECF /* Cardify.swift */,
				2B8180E925EC184500F99390 /* Pie.swift */,
				2BBEEFD225BC8B5F00C2EED2 /* Grid.swift */,
				2BBEEFD625BC95B400C2EED2 /* GridLayout.swift */,
				2B47C02225A23DEA005469A9 /* MemoryGameModel.swift */,
				2BBEEFD925BC992100C2EED2 /* Array+extention.swift */,
				2BE6F49F25C597570074BCF3 /* GameThemesStringFabric.swift */,
				2BE6F4A225C597D20074BCF3 /* GameScore.swift */,
				2B8CE3DD2569A22700C0C898 /* Assets.xcassets */,
				2B8CE3E22569A22700C0C898 /* Info.plist */,
				2B8CE3DF2569A22700C0C898 /* Preview Content */,
			);
			path = Memorize;
			sourceTree = "<group>";
		};
		2B8CE3DF2569A22700C0C898 /* Preview Content */ = {
			isa = PBXGroup;
			children = (
				2B8CE3E02569A22700C0C898 /* Preview Assets.xcassets */,
			);
			path = "Preview Content";
			sourceTree = "<group>";
		};
/* End PBXGroup section */

/* Begin PBXNativeTarget section */
		2B8CE3D52569A22500C0C898 /* Memorize */ = {
			isa = PBXNativeTarget;
			buildConfigurationList = 2B8CE3E52569A22700C0C898 /* Build configuration list for PBXNativeTarget "Memorize" */;
			buildPhases = (
				2B8CE3D22569A22500C0C898 /* Sources */,
				2B8CE3D32569A22500C0C898 /* Frameworks */,
				2B8CE3D42569A22500C0C898 /* Resources */,
			);
			buildRules = (
			);
			dependencies = (
			);
			name = Memorize;
			productName = Memorize;
			productReference = 2B8CE3D62569A22500C0C898 /* Memorize.app */;
			productType = "com.apple.product-type.application";
		};
/* End PBXNativeTarget section */

/* Begin PBXProject section */
		2B8CE3CE2569A22500C0C898 /* Project object */ = {
			isa = PBXProject;
			attributes = {
				LastSwiftUpdateCheck = 1210;
				LastUpgradeCheck = 1210;
				TargetAttributes = {
					2B8CE3D52569A22500C0C898 = {
						CreatedOnToolsVersion = 12.1;
					};
				};
			};
			buildConfigurationList = 2B8CE3D12569A22500C0C898 /* Build configuration list for PBXProject "Memorize" */;
			compatibilityVersion = "Xcode 9.3";
			developmentRegion = en;
			hasScannedForEncodings = 0;
			knownRegions = (
				en,
				Base,
			);
			mainGroup = 2B8CE3CD2569A22500C0C898;
			productRefGroup = 2B8CE3D72569A22500C0C898 /* Products */;
			projectDirPath = "";
			projectRoot = "";
			targets = (
				2B8CE3D52569A22500C0C898 /* Memorize */,
			);
		};
/* End PBXProject section */

/* Begin PBXResourcesBuildPhase section */
		2B8CE3D42569A22500C0C898 /* Resources */ = {
			isa = PBXResourcesBuildPhase;
			buildActionMask = 2147483647;
			files = (
				2B8CE3E12569A22700C0C898 /* Preview Assets.xcassets in Resources */,
				2B8CE3DE2569A22700C0C898 /* Assets.xcassets in Resources */,
			);
			runOnlyForDeploymentPostprocessing = 0;
		};
/* End PBXResourcesBuildPhase section */

/* Begin PBXSourcesBuildPhase section */
		2B8CE3D22569A22500C0C898 /* Sources */ = {
			isa = PBXSourcesBuildPhase;
			buildActionMask = 2147483647;
			files = (
				2B04AC3225F158DB008C8ECF /* Cardify.swift in Sources */,
				2B8180EA25EC184500F99390 /* Pie.swift in Sources */,
				2B47C02325A23DEA005469A9 /* MemoryGameModel.swift in Sources */,
				2B8CE3DC2569A22500C0C898 /* EmojiMemoryGameView.swift in Sources */,
				2B8CE3DA2569A22500C0C898 /* MemorizeApp.swift in Sources */,
				2BBEEFD725BC95B400C2EED2 /* GridLayout.swift in Sources */,
				2BBEEFD325BC8B5F00C2EED2 /* Grid.swift in Sources */,
				2BE6F4A325C597D20074BCF3 /* GameScore.swift in Sources */,
				2BE6F4A025C597570074BCF3 /* GameThemesStringFabric.swift in Sources */,
				2B47C02625A242F7005469A9 /* EmojiMemoryGameViewModel.swift in Sources */,
				2BBEEFDA25BC992100C2EED2 /* Array+extention.swift in Sources */,
			);
			runOnlyForDeploymentPostprocessing = 0;
		};
/* End PBXSourcesBuildPhase section */

/* Begin XCBuildConfiguration section */
		2B8CE3E32569A22700C0C898 /* Debug */ = {
			isa = XCBuildConfiguration;
			buildSettings = {
				ALWAYS_SEARCH_USER_PATHS = NO;
				CLANG_ANALYZER_NONNULL = YES;
				CLANG_ANALYZER_NUMBER_OBJECT_CONVERSION = YES_AGGRESSIVE;
				CLANG_CXX_LANGUAGE_STANDARD = "gnu++14";
				CLANG_CXX_LIBRARY = "libc++";
				CLANG_ENABLE_MODULES = YES;
				CLANG_ENABLE_OBJC_ARC = YES;
				CLANG_ENABLE_OBJC_WEAK = YES;
				CLANG_WARN_BLOCK_CAPTURE_AUTORELEASING = YES;
				CLANG_WARN_BOOL_CONVERSION = YES;
				CLANG_WARN_COMMA = YES;
				CLANG_WARN_CONSTANT_CONVERSION = YES;
				CLANG_WARN_DEPRECATED_OBJC_IMPLEMENTATIONS = YES;
				CLANG_WARN_DIRECT_OBJC_ISA_USAGE = YES_ERROR;
				CLANG_WARN_DOCUMENTATION_COMMENTS = YES;
				CLANG_WARN_EMPTY_BODY = YES;
				CLANG_WARN_ENUM_CONVERSION = YES;
				CLANG_WARN_INFINITE_RECURSION = YES;
				CLANG_WARN_INT_CONVERSION = YES;
				CLANG_WARN_NON_LITERAL_NULL_CONVERSION = YES;
				CLANG_WARN_OBJC_IMPLICIT_RETAIN_SELF = YES;
				CLANG_WARN_OBJC_LITERAL_CONVERSION = YES;
				CLANG_WARN_OBJC_ROOT_CLASS = YES_ERROR;
				CLANG_WARN_QUOTED_INCLUDE_IN_FRAMEWORK_HEADER = YES;
				CLANG_WARN_RANGE_LOOP_ANALYSIS = YES;
				CLANG_WARN_STRICT_PROTOTYPES = YES;
				CLANG_WARN_SUSPICIOUS_MOVE = YES;
				CLANG_WARN_UNGUARDED_AVAILABILITY = YES_AGGRESSIVE;
				CLANG_WARN_UNREACHABLE_CODE = YES;
				CLANG_WARN__DUPLICATE_METHOD_MATCH = YES;
				COPY_PHASE_STRIP = NO;
				DEBUG_INFORMATION_FORMAT = dwarf;
				ENABLE_STRICT_OBJC_MSGSEND = YES;
				ENABLE_TESTABILITY = YES;
				GCC_C_LANGUAGE_STANDARD = gnu11;
				GCC_DYNAMIC_NO_PIC = NO;
				GCC_NO_COMMON_BLOCKS = YES;
				GCC_OPTIMIZATION_LEVEL = 0;
				GCC_PREPROCESSOR_DEFINITIONS = (
					"DEBUG=1",
					"$(inherited)",
				);
				GCC_WARN_64_TO_32_BIT_CONVERSION = YES;
				GCC_WARN_ABOUT_RETURN_TYPE = YES_ERROR;
				GCC_WARN_UNDECLARED_SELECTOR = YES;
				GCC_WARN_UNINITIALIZED_AUTOS = YES_AGGRESSIVE;
				GCC_WARN_UNUSED_FUNCTION = YES;
				GCC_WARN_UNUSED_VARIABLE = YES;
				IPHONEOS_DEPLOYMENT_TARGET = 14.1;
				MTL_ENABLE_DEBUG_INFO = INCLUDE_SOURCE;
				MTL_FAST_MATH = YES;
				ONLY_ACTIVE_ARCH = YES;
				SDKROOT = iphoneos;
				SWIFT_ACTIVE_COMPILATION_CONDITIONS = DEBUG;
				SWIFT_OPTIMIZATION_LEVEL = "-Onone";
			};
			name = Debug;
		};
		2B8CE3E42569A22700C0C898 /* Release */ = {
			isa = XCBuildConfiguration;
			buildSettings = {
				ALWAYS_SEARCH_USER_PATHS = NO;
				CLANG_ANALYZER_NONNULL = YES;
				CLANG_ANALYZER_NUMBER_OBJECT_CONVERSION = YES_AGGRESSIVE;
				CLANG_CXX_LANGUAGE_STANDARD = "gnu++14";
				CLANG_CXX_LIBRARY = "libc++";
				CLANG_ENABLE_MODULES = YES;
				CLANG_ENABLE_OBJC_ARC = YES;
				CLANG_ENABLE_OBJC_WEAK = YES;
				CLANG_WARN_BLOCK_CAPTURE_AUTORELEASING = YES;
				CLANG_WARN_BOOL_CONVERSION = YES;
				CLANG_WARN_COMMA = YES;
				CLANG_WARN_CONSTANT_CONVERSION = YES;
				CLANG_WARN_DEPRECATED_OBJC_IMPLEMENTATIONS = YES;
				CLANG_WARN_DIRECT_OBJC_ISA_USAGE = YES_ERROR;
				CLANG_WARN_DOCUMENTATION_COMMENTS = YES;
				CLANG_WARN_EMPTY_BODY = YES;
				CLANG_WARN_ENUM_CONVERSION = YES;
				CLANG_WARN_INFINITE_RECURSION = YES;
				CLANG_WARN_INT_CONVERSION = YES;
				CLANG_WARN_NON_LITERAL_NULL_CONVERSION = YES;
				CLANG_WARN_OBJC_IMPLICIT_RETAIN_SELF = YES;
				CLANG_WARN_OBJC_LITERAL_CONVERSION = YES;
				CLANG_WARN_OBJC_ROOT_CLASS = YES_ERROR;
				CLANG_WARN_QUOTED_INCLUDE_IN_FRAMEWORK_HEADER = YES;
				CLANG_WARN_RANGE_LOOP_ANALYSIS = YES;
				CLANG_WARN_STRICT_PROTOTYPES = YES;
				CLANG_WARN_SUSPICIOUS_MOVE = YES;
				CLANG_WARN_UNGUARDED_AVAILABILITY = YES_AGGRESSIVE;
				CLANG_WARN_UNREACHABLE_CODE = YES;
				CLANG_WARN__DUPLICATE_METHOD_MATCH = YES;
				COPY_PHASE_STRIP = NO;
				DEBUG_INFORMATION_FORMAT = "dwarf-with-dsym";
				ENABLE_NS_ASSERTIONS = NO;
				ENABLE_STRICT_OBJC_MSGSEND = YES;
				GCC_C_LANGUAGE_STANDARD = gnu11;
				GCC_NO_COMMON_BLOCKS = YES;
				GCC_WARN_64_TO_32_BIT_CONVERSION = YES;
				GCC_WARN_ABOUT_RETURN_TYPE = YES_ERROR;
				GCC_WARN_UNDECLARED_SELECTOR = YES;
				GCC_WARN_UNINITIALIZED_AUTOS = YES_AGGRESSIVE;
				GCC_WARN_UNUSED_FUNCTION = YES;
				GCC_WARN_UNUSED_VARIABLE = YES;
				IPHONEOS_DEPLOYMENT_TARGET = 14.1;
				MTL_ENABLE_DEBUG_INFO = NO;
				MTL_FAST_MATH = YES;
				SDKROOT = iphoneos;
				SWIFT_COMPILATION_MODE = wholemodule;
				SWIFT_OPTIMIZATION_LEVEL = "-O";
				VALIDATE_PRODUCT = YES;
			};
			name = Release;
		};
		2B8CE3E62569A22700C0C898 /* Debug */ = {
			isa = XCBuildConfiguration;
			buildSettings = {
				ASSETCATALOG_COMPILER_APPICON_NAME = AppIcon;
				ASSETCATALOG_COMPILER_GLOBAL_ACCENT_COLOR_NAME = AccentColor;
				CODE_SIGN_STYLE = Automatic;
				DEVELOPMENT_ASSET_PATHS = "\"Memorize/Preview Content\"";
				DEVELOPMENT_TEAM = 36B2GZZ9DF;
				ENABLE_PREVIEWS = YES;
				INFOPLIST_FILE = Memorize/Info.plist;
				IPHONEOS_DEPLOYMENT_TARGET = 14.0;
				LD_RUNPATH_SEARCH_PATHS = (
					"$(inherited)",
					"@executable_path/Frameworks",
				);
				PRODUCT_BUNDLE_IDENTIFIER = com.Crow.Crow.Memorize;
				PRODUCT_NAME = "$(TARGET_NAME)";
				SWIFT_VERSION = 5.0;
				TARGETED_DEVICE_FAMILY = "1,2";
			};
			name = Debug;
		};
		2B8CE3E72569A22700C0C898 /* Release */ = {
			isa = XCBuildConfiguration;
			buildSettings = {
				ASSETCATALOG_COMPILER_APPICON_NAME = AppIcon;
				ASSETCATALOG_COMPILER_GLOBAL_ACCENT_COLOR_NAME = AccentColor;
				CODE_SIGN_STYLE = Automatic;
				DEVELOPMENT_ASSET_PATHS = "\"Memorize/Preview Content\"";
				DEVELOPMENT_TEAM = 36B2GZZ9DF;
				ENABLE_PREVIEWS = YES;
				INFOPLIST_FILE = Memorize/Info.plist;
				IPHONEOS_DEPLOYMENT_TARGET = 14.0;
				LD_RUNPATH_SEARCH_PATHS = (
					"$(inherited)",
					"@executable_path/Frameworks",
				);
				PRODUCT_BUNDLE_IDENTIFIER = com.Crow.Crow.Memorize;
				PRODUCT_NAME = "$(TARGET_NAME)";
				SWIFT_VERSION = 5.0;
				TARGETED_DEVICE_FAMILY = "1,2";
			};
			name = Release;
		};
/* End XCBuildConfiguration section */

/* Begin XCConfigurationList section */
		2B8CE3D12569A22500C0C898 /* Build configuration list for PBXProject "Memorize" */ = {
			isa = XCConfigurationList;
			buildConfigurations = (
				2B8CE3E32569A22700C0C898 /* Debug */,
				2B8CE3E42569A22700C0C898 /* Release */,
			);
			defaultConfigurationIsVisible = 0;
			defaultConfigurationName = Release;
		};
		2B8CE3E52569A22700C0C898 /* Build configuration list for PBXNativeTarget "Memorize" */ = {
			isa = XCConfigurationList;
			buildConfigurations = (
				2B8CE3E62569A22700C0C898 /* Debug */,
				2B8CE3E72569A22700C0C898 /* Release */,
			);
			defaultConfigurationIsVisible = 0;
			defaultConfigurationName = Release;
		};
/* End XCConfigurationList section */
	};
	rootObject = 2B8CE3CE2569A22500C0C898 /* Project object */;
}
